
Microsoft Visual Studio Solution File, Format Version 12.00
# Visual Studio Version 17
VisualStudioVersion = 17.10.34707.107
MinimumVisualStudioVersion = 10.0.40219.1
Project("{2150E333-8FDC-42A3-9474-1A3956D46DE8}") = "Solution Items", "Solution Items", "{99B23FDD-C999-491C-996E-6BF59D314449}"
	ProjectSection(SolutionItems) = preProject
		global.json = global.json
		LICENSE.md = LICENSE.md
		nuget.config = nuget.config
		README.md = README.md
	EndProjectSection
EndProject
Project("{F2A71F9B-5D33-465A-A702-920D77279786}") = "LabelMaker", "src\LabelMaker\LabelMaker.fsproj", "{9CDC8A6F-F8B3-4297-A4B4-7537769CE49A}"
EndProject
Global
	GlobalSection(SolutionConfigurationPlatforms) = preSolution
		Debug|Any CPU = Debug|Any CPU
		Release|Any CPU = Release|Any CPU
	EndGlobalSection
	GlobalSection(ProjectConfigurationPlatforms) = postSolution
		{9CDC8A6F-F8B3-4297-A4B4-7537769CE49A}.Debug|Any CPU.ActiveCfg = Debug|Any CPU
		{9CDC8A6F-F8B3-4297-A4B4-7537769CE49A}.Debug|Any CPU.Build.0 = Debug|Any CPU
		{9CDC8A6F-F8B3-4297-A4B4-7537769CE49A}.Release|Any CPU.ActiveCfg = Release|Any CPU
		{9CDC8A6F-F8B3-4297-A4B4-7537769CE49A}.Release|Any CPU.Build.0 = Release|Any CPU
	EndGlobalSection
	GlobalSection(SolutionProperties) = preSolution
		HideSolutionNode = FALSE
	EndGlobalSection
	GlobalSection(ExtensibilityGlobals) = postSolution
		SolutionGuid = {D735E879-DF93-4DA0-8D3D-310EB9F32D5B}
	EndGlobalSection
EndGlobal
